// !$*UTF8*$!
{
	archiveVersion = 1;
	classes = {
	};
	objectVersion = 46;
	objects = {

/* Begin PBXBuildFile section */
		296B70111CFC9A7800BBB34B /* AppDelegate.swift in Sources */ = {isa = PBXBuildFile; fileRef = 296B70101CFC9A7800BBB34B /* AppDelegate.swift */; };
		296B70131CFC9A7800BBB34B /* ViewController.swift in Sources */ = {isa = PBXBuildFile; fileRef = 296B70121CFC9A7800BBB34B /* ViewController.swift */; };
		296B70161CFC9A7800BBB34B /* Main.storyboard in Resources */ = {isa = PBXBuildFile; fileRef = 296B70141CFC9A7800BBB34B /* Main.storyboard */; };
		296B70181CFC9A7800BBB34B /* Assets.xcassets in Resources */ = {isa = PBXBuildFile; fileRef = 296B70171CFC9A7800BBB34B /* Assets.xcassets */; };
		296B701B1CFC9A7800BBB34B /* LaunchScreen.storyboard in Resources */ = {isa = PBXBuildFile; fileRef = 296B70191CFC9A7800BBB34B /* LaunchScreen.storyboard */; };
		296B70261CFC9A7800BBB34B /* VapourTests.swift in Sources */ = {isa = PBXBuildFile; fileRef = 296B70251CFC9A7800BBB34B /* VapourTests.swift */; };
		296B70311CFC9A7800BBB34B /* VapourUITests.swift in Sources */ = {isa = PBXBuildFile; fileRef = 296B70301CFC9A7800BBB34B /* VapourUITests.swift */; };
		44930C0C676DE593AECB0AA9 /* Pods_VapourUITests.framework in Frameworks */ = {isa = PBXBuildFile; fileRef = E0743609FBE43E5A14957441 /* Pods_VapourUITests.framework */; };
		705A6A604BBFE89251BD0A37 /* Pods_VapourTests.framework in Frameworks */ = {isa = PBXBuildFile; fileRef = 42DC49CCA5C14350B6F4FBD2 /* Pods_VapourTests.framework */; };
		B547AE1B3CDB7D5E5402FE19 /* Pods_Vapour.framework in Frameworks */ = {isa = PBXBuildFile; fileRef = 3D9850EA9DE0DAA319BE0AE4 /* Pods_Vapour.framework */; };
/* End PBXBuildFile section */

/* Begin PBXContainerItemProxy section */
		296B70221CFC9A7800BBB34B /* PBXContainerItemProxy */ = {
			isa = PBXContainerItemProxy;
			containerPortal = 296B70051CFC9A7800BBB34B /* Project object */;
			proxyType = 1;
			remoteGlobalIDString = 296B700C1CFC9A7800BBB34B;
			remoteInfo = Vapour;
		};
		296B702D1CFC9A7800BBB34B /* PBXContainerItemProxy */ = {
			isa = PBXContainerItemProxy;
			containerPortal = 296B70051CFC9A7800BBB34B /* Project object */;
			proxyType = 1;
			remoteGlobalIDString = 296B700C1CFC9A7800BBB34B;
			remoteInfo = Vapour;
		};
/* End PBXContainerItemProxy section */

/* Begin PBXFileReference section */
		21D8DB273315C7570B7352AE /* Pods-VapourTests.debug.xcconfig */ = {isa = PBXFileReference; includeInIndex = 1; lastKnownFileType = text.xcconfig; name = "Pods-VapourTests.debug.xcconfig"; path = "Pods/Target Support Files/Pods-VapourTests/Pods-VapourTests.debug.xcconfig"; sourceTree = "<group>"; };
		296B700D1CFC9A7800BBB34B /* Vapour.app */ = {isa = PBXFileReference; explicitFileType = wrapper.application; includeInIndex = 0; path = Vapour.app; sourceTree = BUILT_PRODUCTS_DIR; };
		296B70101CFC9A7800BBB34B /* AppDelegate.swift */ = {isa = PBXFileReference; lastKnownFileType = sourcecode.swift; path = AppDelegate.swift; sourceTree = "<group>"; };
		296B70121CFC9A7800BBB34B /* ViewController.swift */ = {isa = PBXFileReference; lastKnownFileType = sourcecode.swift; path = ViewController.swift; sourceTree = "<group>"; };
		296B70151CFC9A7800BBB34B /* Base */ = {isa = PBXFileReference; lastKnownFileType = file.storyboard; name = Base; path = Base.lproj/Main.storyboard; sourceTree = "<group>"; };
		296B70171CFC9A7800BBB34B /* Assets.xcassets */ = {isa = PBXFileReference; lastKnownFileType = folder.assetcatalog; path = Assets.xcassets; sourceTree = "<group>"; };
		296B701A1CFC9A7800BBB34B /* Base */ = {isa = PBXFileReference; lastKnownFileType = file.storyboard; name = Base; path = Base.lproj/LaunchScreen.storyboard; sourceTree = "<group>"; };
		296B701C1CFC9A7800BBB34B /* Info.plist */ = {isa = PBXFileReference; lastKnownFileType = text.plist.xml; path = Info.plist; sourceTree = "<group>"; };
		296B70211CFC9A7800BBB34B /* VapourTests.xctest */ = {isa = PBXFileReference; explicitFileType = wrapper.cfbundle; includeInIndex = 0; path = VapourTests.xctest; sourceTree = BUILT_PRODUCTS_DIR; };
		296B70251CFC9A7800BBB34B /* VapourTests.swift */ = {isa = PBXFileReference; lastKnownFileType = sourcecode.swift; path = VapourTests.swift; sourceTree = "<group>"; };
		296B70271CFC9A7800BBB34B /* Info.plist */ = {isa = PBXFileReference; lastKnownFileType = text.plist.xml; path = Info.plist; sourceTree = "<group>"; };
		296B702C1CFC9A7800BBB34B /* VapourUITests.xctest */ = {isa = PBXFileReference; explicitFileType = wrapper.cfbundle; includeInIndex = 0; path = VapourUITests.xctest; sourceTree = BUILT_PRODUCTS_DIR; };
		296B70301CFC9A7800BBB34B /* VapourUITests.swift */ = {isa = PBXFileReference; lastKnownFileType = sourcecode.swift; path = VapourUITests.swift; sourceTree = "<group>"; };
		296B70321CFC9A7800BBB34B /* Info.plist */ = {isa = PBXFileReference; lastKnownFileType = text.plist.xml; path = Info.plist; sourceTree = "<group>"; };
		3D9850EA9DE0DAA319BE0AE4 /* Pods_Vapour.framework */ = {isa = PBXFileReference; explicitFileType = wrapper.framework; includeInIndex = 0; path = Pods_Vapour.framework; sourceTree = BUILT_PRODUCTS_DIR; };
		42DC49CCA5C14350B6F4FBD2 /* Pods_VapourTests.framework */ = {isa = PBXFileReference; explicitFileType = wrapper.framework; includeInIndex = 0; path = Pods_VapourTests.framework; sourceTree = BUILT_PRODUCTS_DIR; };
		49E2343BCEEF81B2A7A6D8CA /* Pods-VapourTests.release.xcconfig */ = {isa = PBXFileReference; includeInIndex = 1; lastKnownFileType = text.xcconfig; name = "Pods-VapourTests.release.xcconfig"; path = "Pods/Target Support Files/Pods-VapourTests/Pods-VapourTests.release.xcconfig"; sourceTree = "<group>"; };
		577C319D9015557882415672 /* Pods-Vapour.release.xcconfig */ = {isa = PBXFileReference; includeInIndex = 1; lastKnownFileType = text.xcconfig; name = "Pods-Vapour.release.xcconfig"; path = "Pods/Target Support Files/Pods-Vapour/Pods-Vapour.release.xcconfig"; sourceTree = "<group>"; };
		907269F8B5DA9354FE80D549 /* Pods-VapourUITests.release.xcconfig */ = {isa = PBXFileReference; includeInIndex = 1; lastKnownFileType = text.xcconfig; name = "Pods-VapourUITests.release.xcconfig"; path = "Pods/Target Support Files/Pods-VapourUITests/Pods-VapourUITests.release.xcconfig"; sourceTree = "<group>"; };
		A2954281CF42AAB82E47A2A6 /* Pods-Vapour.debug.xcconfig */ = {isa = PBXFileReference; includeInIndex = 1; lastKnownFileType = text.xcconfig; name = "Pods-Vapour.debug.xcconfig"; path = "Pods/Target Support Files/Pods-Vapour/Pods-Vapour.debug.xcconfig"; sourceTree = "<group>"; };
		D6B454A5D9A59553FF6285E2 /* Pods-VapourUITests.debug.xcconfig */ = {isa = PBXFileReference; includeInIndex = 1; lastKnownFileType = text.xcconfig; name = "Pods-VapourUITests.debug.xcconfig"; path = "Pods/Target Support Files/Pods-VapourUITests/Pods-VapourUITests.debug.xcconfig"; sourceTree = "<group>"; };
		E0743609FBE43E5A14957441 /* Pods_VapourUITests.framework */ = {isa = PBXFileReference; explicitFileType = wrapper.framework; includeInIndex = 0; path = Pods_VapourUITests.framework; sourceTree = BUILT_PRODUCTS_DIR; };
/* End PBXFileReference section */

/* Begin PBXFrameworksBuildPhase section */
		296B700A1CFC9A7800BBB34B /* Frameworks */ = {
			isa = PBXFrameworksBuildPhase;
			buildActionMask = 2147483647;
			files = (
				B547AE1B3CDB7D5E5402FE19 /* Pods_Vapour.framework in Frameworks */,
			);
			runOnlyForDeploymentPostprocessing = 0;
		};
		296B701E1CFC9A7800BBB34B /* Frameworks */ = {
			isa = PBXFrameworksBuildPhase;
			buildActionMask = 2147483647;
			files = (
				705A6A604BBFE89251BD0A37 /* Pods_VapourTests.framework in Frameworks */,
			);
			runOnlyForDeploymentPostprocessing = 0;
		};
		296B70291CFC9A7800BBB34B /* Frameworks */ = {
			isa = PBXFrameworksBuildPhase;
			buildActionMask = 2147483647;
			files = (
				44930C0C676DE593AECB0AA9 /* Pods_VapourUITests.framework in Frameworks */,
			);
			runOnlyForDeploymentPostprocessing = 0;
		};
/* End PBXFrameworksBuildPhase section */

/* Begin PBXGroup section */
		296B70041CFC9A7800BBB34B = {
			isa = PBXGroup;
			children = (
				296B700F1CFC9A7800BBB34B /* Vapour */,
				296B70241CFC9A7800BBB34B /* VapourTests */,
				296B702F1CFC9A7800BBB34B /* VapourUITests */,
				296B700E1CFC9A7800BBB34B /* Products */,
				F0BEDB0E3AC1607E2A77710F /* Pods */,
				EB4924FAEA08EF743368B779 /* Frameworks */,
			);
			sourceTree = "<group>";
		};
		296B700E1CFC9A7800BBB34B /* Products */ = {
			isa = PBXGroup;
			children = (
				296B700D1CFC9A7800BBB34B /* Vapour.app */,
				296B70211CFC9A7800BBB34B /* VapourTests.xctest */,
				296B702C1CFC9A7800BBB34B /* VapourUITests.xctest */,
			);
			name = Products;
			sourceTree = "<group>";
		};
		296B700F1CFC9A7800BBB34B /* Vapour */ = {
			isa = PBXGroup;
			children = (
				296B70101CFC9A7800BBB34B /* AppDelegate.swift */,
				296B70121CFC9A7800BBB34B /* ViewController.swift */,
				296B70141CFC9A7800BBB34B /* Main.storyboard */,
				296B70171CFC9A7800BBB34B /* Assets.xcassets */,
				296B70191CFC9A7800BBB34B /* LaunchScreen.storyboard */,
				296B701C1CFC9A7800BBB34B /* Info.plist */,
			);
			path = Vapour;
			sourceTree = "<group>";
		};
		296B70241CFC9A7800BBB34B /* VapourTests */ = {
			isa = PBXGroup;
			children = (
				296B70251CFC9A7800BBB34B /* VapourTests.swift */,
				296B70271CFC9A7800BBB34B /* Info.plist */,
			);
			path = VapourTests;
			sourceTree = "<group>";
		};
		296B702F1CFC9A7800BBB34B /* VapourUITests */ = {
			isa = PBXGroup;
			children = (
				296B70301CFC9A7800BBB34B /* VapourUITests.swift */,
				296B70321CFC9A7800BBB34B /* Info.plist */,
			);
			path = VapourUITests;
			sourceTree = "<group>";
		};
		EB4924FAEA08EF743368B779 /* Frameworks */ = {
			isa = PBXGroup;
			children = (
				3D9850EA9DE0DAA319BE0AE4 /* Pods_Vapour.framework */,
				42DC49CCA5C14350B6F4FBD2 /* Pods_VapourTests.framework */,
				E0743609FBE43E5A14957441 /* Pods_VapourUITests.framework */,
			);
			name = Frameworks;
			sourceTree = "<group>";
		};
		F0BEDB0E3AC1607E2A77710F /* Pods */ = {
			isa = PBXGroup;
			children = (
				A2954281CF42AAB82E47A2A6 /* Pods-Vapour.debug.xcconfig */,
				577C319D9015557882415672 /* Pods-Vapour.release.xcconfig */,
				21D8DB273315C7570B7352AE /* Pods-VapourTests.debug.xcconfig */,
				49E2343BCEEF81B2A7A6D8CA /* Pods-VapourTests.release.xcconfig */,
				D6B454A5D9A59553FF6285E2 /* Pods-VapourUITests.debug.xcconfig */,
				907269F8B5DA9354FE80D549 /* Pods-VapourUITests.release.xcconfig */,
			);
			name = Pods;
			sourceTree = "<group>";
		};
/* End PBXGroup section */

/* Begin PBXNativeTarget section */
		296B700C1CFC9A7800BBB34B /* Vapour */ = {
			isa = PBXNativeTarget;
			buildConfigurationList = 296B70351CFC9A7800BBB34B /* Build configuration list for PBXNativeTarget "Vapour" */;
			buildPhases = (
				1FFE16C8A6CD0B393C47AFC2 /* 📦 Check Pods Manifest.lock */,
				296B70091CFC9A7800BBB34B /* Sources */,
				296B700A1CFC9A7800BBB34B /* Frameworks */,
				296B700B1CFC9A7800BBB34B /* Resources */,
				5233FF2524873ABBB25BA661 /* 📦 Embed Pods Frameworks */,
				CB728A80A85C7754D124F5C1 /* 📦 Copy Pods Resources */,
			);
			buildRules = (
			);
			dependencies = (
			);
			name = Vapour;
			productName = Vapour;
			productReference = 296B700D1CFC9A7800BBB34B /* Vapour.app */;
			productType = "com.apple.product-type.application";
		};
		296B70201CFC9A7800BBB34B /* VapourTests */ = {
			isa = PBXNativeTarget;
			buildConfigurationList = 296B70381CFC9A7800BBB34B /* Build configuration list for PBXNativeTarget "VapourTests" */;
			buildPhases = (
				07081BA4FCD540C9A1548BC3 /* 📦 Check Pods Manifest.lock */,
				296B701D1CFC9A7800BBB34B /* Sources */,
				296B701E1CFC9A7800BBB34B /* Frameworks */,
				296B701F1CFC9A7800BBB34B /* Resources */,
				856EE888280F8432BEFA9986 /* 📦 Embed Pods Frameworks */,
				CE6802F938DD21F453DA4913 /* 📦 Copy Pods Resources */,
			);
			buildRules = (
			);
			dependencies = (
				296B70231CFC9A7800BBB34B /* PBXTargetDependency */,
			);
			name = VapourTests;
			productName = VapourTests;
			productReference = 296B70211CFC9A7800BBB34B /* VapourTests.xctest */;
			productType = "com.apple.product-type.bundle.unit-test";
		};
		296B702B1CFC9A7800BBB34B /* VapourUITests */ = {
			isa = PBXNativeTarget;
			buildConfigurationList = 296B703B1CFC9A7800BBB34B /* Build configuration list for PBXNativeTarget "VapourUITests" */;
			buildPhases = (
				4B569208BA2EA96EE7FB5C0C /* 📦 Check Pods Manifest.lock */,
				296B70281CFC9A7800BBB34B /* Sources */,
				296B70291CFC9A7800BBB34B /* Frameworks */,
				296B702A1CFC9A7800BBB34B /* Resources */,
				4F3E22D39D20E2A13A067A7D /* 📦 Copy Pods Resources */,
			);
			buildRules = (
			);
			dependencies = (
				296B702E1CFC9A7800BBB34B /* PBXTargetDependency */,
			);
			name = VapourUITests;
			productName = VapourUITests;
			productReference = 296B702C1CFC9A7800BBB34B /* VapourUITests.xctest */;
			productType = "com.apple.product-type.bundle.ui-testing";
		};
/* End PBXNativeTarget section */

/* Begin PBXProject section */
		296B70051CFC9A7800BBB34B /* Project object */ = {
			isa = PBXProject;
			attributes = {
				LastSwiftUpdateCheck = 0730;
				LastUpgradeCheck = 0730;
				ORGANIZATIONNAME = Sidesgript;
				TargetAttributes = {
					296B700C1CFC9A7800BBB34B = {
						CreatedOnToolsVersion = 7.3.1;
						DevelopmentTeam = NWFK758PSC;
					};
					296B70201CFC9A7800BBB34B = {
						CreatedOnToolsVersion = 7.3.1;
						TestTargetID = 296B700C1CFC9A7800BBB34B;
					};
					296B702B1CFC9A7800BBB34B = {
						CreatedOnToolsVersion = 7.3.1;
						TestTargetID = 296B700C1CFC9A7800BBB34B;
					};
				};
			};
			buildConfigurationList = 296B70081CFC9A7800BBB34B /* Build configuration list for PBXProject "Vapour" */;
			compatibilityVersion = "Xcode 3.2";
			developmentRegion = English;
			hasScannedForEncodings = 0;
			knownRegions = (
				en,
				Base,
			);
			mainGroup = 296B70041CFC9A7800BBB34B;
			productRefGroup = 296B700E1CFC9A7800BBB34B /* Products */;
			projectDirPath = "";
			projectRoot = "";
			targets = (
				296B700C1CFC9A7800BBB34B /* Vapour */,
				296B70201CFC9A7800BBB34B /* VapourTests */,
				296B702B1CFC9A7800BBB34B /* VapourUITests */,
			);
		};
/* End PBXProject section */

/* Begin PBXResourcesBuildPhase section */
		296B700B1CFC9A7800BBB34B /* Resources */ = {
			isa = PBXResourcesBuildPhase;
			buildActionMask = 2147483647;
			files = (
				296B701B1CFC9A7800BBB34B /* LaunchScreen.storyboard in Resources */,
				296B70181CFC9A7800BBB34B /* Assets.xcassets in Resources */,
				296B70161CFC9A7800BBB34B /* Main.storyboard in Resources */,
			);
			runOnlyForDeploymentPostprocessing = 0;
		};
		296B701F1CFC9A7800BBB34B /* Resources */ = {
			isa = PBXResourcesBuildPhase;
			buildActionMask = 2147483647;
			files = (
			);
			runOnlyForDeploymentPostprocessing = 0;
		};
		296B702A1CFC9A7800BBB34B /* Resources */ = {
			isa = PBXResourcesBuildPhase;
			buildActionMask = 2147483647;
			files = (
			);
			runOnlyForDeploymentPostprocessing = 0;
		};
/* End PBXResourcesBuildPhase section */

/* Begin PBXShellScriptBuildPhase section */
		07081BA4FCD540C9A1548BC3 /* 📦 Check Pods Manifest.lock */ = {
			isa = PBXShellScriptBuildPhase;
			buildActionMask = 2147483647;
			files = (
			);
			inputPaths = (
			);
			name = "📦 Check Pods Manifest.lock";
			outputPaths = (
			);
			runOnlyForDeploymentPostprocessing = 0;
			shellPath = /bin/sh;
			shellScript = "diff \"${PODS_ROOT}/../Podfile.lock\" \"${PODS_ROOT}/Manifest.lock\" > /dev/null\nif [[ $? != 0 ]] ; then\n    cat << EOM\nerror: The sandbox is not in sync with the Podfile.lock. Run 'pod install' or update your CocoaPods installation.\nEOM\n    exit 1\nfi\n";
			showEnvVarsInLog = 0;
		};
		1FFE16C8A6CD0B393C47AFC2 /* 📦 Check Pods Manifest.lock */ = {
			isa = PBXShellScriptBuildPhase;
			buildActionMask = 2147483647;
			files = (
			);
			inputPaths = (
			);
			name = "📦 Check Pods Manifest.lock";
			outputPaths = (
			);
			runOnlyForDeploymentPostprocessing = 0;
			shellPath = /bin/sh;
			shellScript = "diff \"${PODS_ROOT}/../Podfile.lock\" \"${PODS_ROOT}/Manifest.lock\" > /dev/null\nif [[ $? != 0 ]] ; then\n    cat << EOM\nerror: The sandbox is not in sync with the Podfile.lock. Run 'pod install' or update your CocoaPods installation.\nEOM\n    exit 1\nfi\n";
			showEnvVarsInLog = 0;
		};
		4B569208BA2EA96EE7FB5C0C /* 📦 Check Pods Manifest.lock */ = {
			isa = PBXShellScriptBuildPhase;
			buildActionMask = 2147483647;
			files = (
			);
			inputPaths = (
			);
			name = "📦 Check Pods Manifest.lock";
			outputPaths = (
			);
			runOnlyForDeploymentPostprocessing = 0;
			shellPath = /bin/sh;
			shellScript = "diff \"${PODS_ROOT}/../Podfile.lock\" \"${PODS_ROOT}/Manifest.lock\" > /dev/null\nif [[ $? != 0 ]] ; then\n    cat << EOM\nerror: The sandbox is not in sync with the Podfile.lock. Run 'pod install' or update your CocoaPods installation.\nEOM\n    exit 1\nfi\n";
			showEnvVarsInLog = 0;
		};
		4F3E22D39D20E2A13A067A7D /* 📦 Copy Pods Resources */ = {
			isa = PBXShellScriptBuildPhase;
			buildActionMask = 2147483647;
			files = (
			);
			inputPaths = (
			);
			name = "📦 Copy Pods Resources";
			outputPaths = (
			);
			runOnlyForDeploymentPostprocessing = 0;
			shellPath = /bin/sh;
			shellScript = "\"${SRCROOT}/Pods/Target Support Files/Pods-VapourUITests/Pods-VapourUITests-resources.sh\"\n";
			showEnvVarsInLog = 0;
		};
		5233FF2524873ABBB25BA661 /* 📦 Embed Pods Frameworks */ = {
			isa = PBXShellScriptBuildPhase;
			buildActionMask = 2147483647;
			files = (
			);
			inputPaths = (
			);
			name = "📦 Embed Pods Frameworks";
			outputPaths = (
			);
			runOnlyForDeploymentPostprocessing = 0;
			shellPath = /bin/sh;
			shellScript = "\"${SRCROOT}/Pods/Target Support Files/Pods-Vapour/Pods-Vapour-frameworks.sh\"\n";
			showEnvVarsInLog = 0;
		};
		856EE888280F8432BEFA9986 /* 📦 Embed Pods Frameworks */ = {
			isa = PBXShellScriptBuildPhase;
			buildActionMask = 2147483647;
			files = (
			);
			inputPaths = (
			);
			name = "📦 Embed Pods Frameworks";
			outputPaths = (
			);
			runOnlyForDeploymentPostprocessing = 0;
			shellPath = /bin/sh;
			shellScript = "\"${SRCROOT}/Pods/Target Support Files/Pods-VapourTests/Pods-VapourTests-frameworks.sh\"\n";
			showEnvVarsInLog = 0;
		};
		CB728A80A85C7754D124F5C1 /* 📦 Copy Pods Resources */ = {
			isa = PBXShellScriptBuildPhase;
			buildActionMask = 2147483647;
			files = (
			);
			inputPaths = (
			);
			name = "📦 Copy Pods Resources";
			outputPaths = (
			);
			runOnlyForDeploymentPostprocessing = 0;
			shellPath = /bin/sh;
			shellScript = "\"${SRCROOT}/Pods/Target Support Files/Pods-Vapour/Pods-Vapour-resources.sh\"\n";
			showEnvVarsInLog = 0;
		};
		CE6802F938DD21F453DA4913 /* 📦 Copy Pods Resources */ = {
			isa = PBXShellScriptBuildPhase;
			buildActionMask = 2147483647;
			files = (
			);
			inputPaths = (
			);
			name = "📦 Copy Pods Resources";
			outputPaths = (
			);
			runOnlyForDeploymentPostprocessing = 0;
			shellPath = /bin/sh;
			shellScript = "\"${SRCROOT}/Pods/Target Support Files/Pods-VapourTests/Pods-VapourTests-resources.sh\"\n";
			showEnvVarsInLog = 0;
		};
/* End PBXShellScriptBuildPhase section */

/* Begin PBXSourcesBuildPhase section */
		296B70091CFC9A7800BBB34B /* Sources */ = {
			isa = PBXSourcesBuildPhase;
			buildActionMask = 2147483647;
			files = (
				296B70131CFC9A7800BBB34B /* ViewController.swift in Sources */,
				296B70111CFC9A7800BBB34B /* AppDelegate.swift in Sources */,
			);
			runOnlyForDeploymentPostprocessing = 0;
		};
		296B701D1CFC9A7800BBB34B /* Sources */ = {
			isa = PBXSourcesBuildPhase;
			buildActionMask = 2147483647;
			files = (
				296B70261CFC9A7800BBB34B /* VapourTests.swift in Sources */,
			);
			runOnlyForDeploymentPostprocessing = 0;
		};
		296B70281CFC9A7800BBB34B /* Sources */ = {
			isa = PBXSourcesBuildPhase;
			buildActionMask = 2147483647;
			files = (
				296B70311CFC9A7800BBB34B /* VapourUITests.swift in Sources */,
			);
			runOnlyForDeploymentPostprocessing = 0;
		};
/* End PBXSourcesBuildPhase section */

/* Begin PBXTargetDependency section */
		296B70231CFC9A7800BBB34B /* PBXTargetDependency */ = {
			isa = PBXTargetDependency;
			target = 296B700C1CFC9A7800BBB34B /* Vapour */;
			targetProxy = 296B70221CFC9A7800BBB34B /* PBXContainerItemProxy */;
		};
		296B702E1CFC9A7800BBB34B /* PBXTargetDependency */ = {
			isa = PBXTargetDependency;
			target = 296B700C1CFC9A7800BBB34B /* Vapour */;
			targetProxy = 296B702D1CFC9A7800BBB34B /* PBXContainerItemProxy */;
		};
/* End PBXTargetDependency section */

/* Begin PBXVariantGroup section */
		296B70141CFC9A7800BBB34B /* Main.storyboard */ = {
			isa = PBXVariantGroup;
			children = (
				296B70151CFC9A7800BBB34B /* Base */,
			);
			name = Main.storyboard;
			sourceTree = "<group>";
		};
		296B70191CFC9A7800BBB34B /* LaunchScreen.storyboard */ = {
			isa = PBXVariantGroup;
			children = (
				296B701A1CFC9A7800BBB34B /* Base */,
			);
			name = LaunchScreen.storyboard;
			sourceTree = "<group>";
		};
/* End PBXVariantGroup section */

/* Begin XCBuildConfiguration section */
		296B70331CFC9A7800BBB34B /* Debug */ = {
			isa = XCBuildConfiguration;
			buildSettings = {
				ALWAYS_SEARCH_USER_PATHS = NO;
				CLANG_ANALYZER_NONNULL = YES;
				CLANG_CXX_LANGUAGE_STANDARD = "gnu++0x";
				CLANG_CXX_LIBRARY = "libc++";
				CLANG_ENABLE_MODULES = YES;
				CLANG_ENABLE_OBJC_ARC = YES;
				CLANG_WARN_BOOL_CONVERSION = YES;
				CLANG_WARN_CONSTANT_CONVERSION = YES;
				CLANG_WARN_DIRECT_OBJC_ISA_USAGE = YES_ERROR;
				CLANG_WARN_EMPTY_BODY = YES;
				CLANG_WARN_ENUM_CONVERSION = YES;
				CLANG_WARN_INT_CONVERSION = YES;
				CLANG_WARN_OBJC_ROOT_CLASS = YES_ERROR;
				CLANG_WARN_UNREACHABLE_CODE = YES;
				CLANG_WARN__DUPLICATE_METHOD_MATCH = YES;
				"CODE_SIGN_IDENTITY[sdk=iphoneos*]" = "iPhone Developer";
				COPY_PHASE_STRIP = NO;
				DEBUG_INFORMATION_FORMAT = dwarf;
				ENABLE_STRICT_OBJC_MSGSEND = YES;
				ENABLE_TESTABILITY = YES;
				GCC_C_LANGUAGE_STANDARD = gnu99;
				GCC_DYNAMIC_NO_PIC = NO;
				GCC_NO_COMMON_BLOCKS = YES;
				GCC_OPTIMIZATION_LEVEL = 0;
				GCC_PREPROCESSOR_DEFINITIONS = (
					"DEBUG=1",
					"$(inherited)",
				);
				GCC_WARN_64_TO_32_BIT_CONVERSION = YES;
				GCC_WARN_ABOUT_RETURN_TYPE = YES_ERROR;
				GCC_WARN_UNDECLARED_SELECTOR = YES;
				GCC_WARN_UNINITIALIZED_AUTOS = YES_AGGRESSIVE;
				GCC_WARN_UNUSED_FUNCTION = YES;
				GCC_WARN_UNUSED_VARIABLE = YES;
				IPHONEOS_DEPLOYMENT_TARGET = 9.3;
				MTL_ENABLE_DEBUG_INFO = YES;
				ONLY_ACTIVE_ARCH = YES;
				SDKROOT = iphoneos;
				SWIFT_OPTIMIZATION_LEVEL = "-Onone";
			};
			name = Debug;
		};
		296B70341CFC9A7800BBB34B /* Release */ = {
			isa = XCBuildConfiguration;
			buildSettings = {
				ALWAYS_SEARCH_USER_PATHS = NO;
				CLANG_ANALYZER_NONNULL = YES;
				CLANG_CXX_LANGUAGE_STANDARD = "gnu++0x";
				CLANG_CXX_LIBRARY = "libc++";
				CLANG_ENABLE_MODULES = YES;
				CLANG_ENABLE_OBJC_ARC = YES;
				CLANG_WARN_BOOL_CONVERSION = YES;
				CLANG_WARN_CONSTANT_CONVERSION = YES;
				CLANG_WARN_DIRECT_OBJC_ISA_USAGE = YES_ERROR;
				CLANG_WARN_EMPTY_BODY = YES;
				CLANG_WARN_ENUM_CONVERSION = YES;
				CLANG_WARN_INT_CONVERSION = YES;
				CLANG_WARN_OBJC_ROOT_CLASS = YES_ERROR;
				CLANG_WARN_UNREACHABLE_CODE = YES;
				CLANG_WARN__DUPLICATE_METHOD_MATCH = YES;
				"CODE_SIGN_IDENTITY[sdk=iphoneos*]" = "iPhone Developer";
				COPY_PHASE_STRIP = NO;
				DEBUG_INFORMATION_FORMAT = "dwarf-with-dsym";
				ENABLE_NS_ASSERTIONS = NO;
				ENABLE_STRICT_OBJC_MSGSEND = YES;
				GCC_C_LANGUAGE_STANDARD = gnu99;
				GCC_NO_COMMON_BLOCKS = YES;
				GCC_WARN_64_TO_32_BIT_CONVERSION = YES;
				GCC_WARN_ABOUT_RETURN_TYPE = YES_ERROR;
				GCC_WARN_UNDECLARED_SELECTOR = YES;
				GCC_WARN_UNINITIALIZED_AUTOS = YES_AGGRESSIVE;
				GCC_WARN_UNUSED_FUNCTION = YES;
				GCC_WARN_UNUSED_VARIABLE = YES;
				IPHONEOS_DEPLOYMENT_TARGET = 9.3;
				MTL_ENABLE_DEBUG_INFO = NO;
				SDKROOT = iphoneos;
				VALIDATE_PRODUCT = YES;
			};
			name = Release;
		};
		296B70361CFC9A7800BBB34B /* Debug */ = {
			isa = XCBuildConfiguration;
			baseConfigurationReference = A2954281CF42AAB82E47A2A6 /* Pods-Vapour.debug.xcconfig */;
			buildSettings = {
				ASSETCATALOG_COMPILER_APPICON_NAME = AppIcon;
				CODE_SIGN_IDENTITY = "iPhone Developer";
				"CODE_SIGN_IDENTITY[sdk=iphoneos*]" = "iPhone Developer";
				INFOPLIST_FILE = Vapour/Info.plist;
				LD_RUNPATH_SEARCH_PATHS = "$(inherited) @executable_path/Frameworks";
				PRODUCT_BUNDLE_IDENTIFIER = com.sidesgript.Vapour;
				PRODUCT_NAME = "$(TARGET_NAME)";
				PROVISIONING_PROFILE = "";
			};
			name = Debug;
		};
		296B70371CFC9A7800BBB34B /* Release */ = {
			isa = XCBuildConfiguration;
			baseConfigurationReference = 577C319D9015557882415672 /* Pods-Vapour.release.xcconfig */;
			buildSettings = {
				ASSETCATALOG_COMPILER_APPICON_NAME = AppIcon;
				CODE_SIGN_IDENTITY = "iPhone Developer";
				"CODE_SIGN_IDENTITY[sdk=iphoneos*]" = "iPhone Developer";
				INFOPLIST_FILE = Vapour/Info.plist;
				LD_RUNPATH_SEARCH_PATHS = "$(inherited) @executable_path/Frameworks";
				PRODUCT_BUNDLE_IDENTIFIER = com.sidesgript.Vapour;
				PRODUCT_NAME = "$(TARGET_NAME)";
				PROVISIONING_PROFILE = "";
			};
			name = Release;
		};
		296B70391CFC9A7800BBB34B /* Debug */ = {
			isa = XCBuildConfiguration;
			baseConfigurationReference = 21D8DB273315C7570B7352AE /* Pods-VapourTests.debug.xcconfig */;
			buildSettings = {
				BUNDLE_LOADER = "$(TEST_HOST)";
				INFOPLIST_FILE = VapourTests/Info.plist;
				LD_RUNPATH_SEARCH_PATHS = "$(inherited) @executable_path/Frameworks @loader_path/Frameworks";
				PRODUCT_BUNDLE_IDENTIFIER = com.sidesgript.VapourTests;
				PRODUCT_NAME = "$(TARGET_NAME)";
				TEST_HOST = "$(BUILT_PRODUCTS_DIR)/Vapour.app/Vapour";
			};
			name = Debug;
		};
		296B703A1CFC9A7800BBB34B /* Release */ = {
			isa = XCBuildConfiguration;
			baseConfigurationReference = 49E2343BCEEF81B2A7A6D8CA /* Pods-VapourTests.release.xcconfig */;
			buildSettings = {
				BUNDLE_LOADER = "$(TEST_HOST)";
				INFOPLIST_FILE = VapourTests/Info.plist;
				LD_RUNPATH_SEARCH_PATHS = "$(inherited) @executable_path/Frameworks @loader_path/Frameworks";
				PRODUCT_BUNDLE_IDENTIFIER = com.sidesgript.VapourTests;
				PRODUCT_NAME = "$(TARGET_NAME)";
				TEST_HOST = "$(BUILT_PRODUCTS_DIR)/Vapour.app/Vapour";
			};
			name = Release;
		};
		296B703C1CFC9A7800BBB34B /* Debug */ = {
			isa = XCBuildConfiguration;
			baseConfigurationReference = D6B454A5D9A59553FF6285E2 /* Pods-VapourUITests.debug.xcconfig */;
			buildSettings = {
				INFOPLIST_FILE = VapourUITests/Info.plist;
				LD_RUNPATH_SEARCH_PATHS = "$(inherited) @executable_path/Frameworks @loader_path/Frameworks";
				PRODUCT_BUNDLE_IDENTIFIER = com.sidesgript.VapourUITests;
				PRODUCT_NAME = "$(TARGET_NAME)";
				TEST_TARGET_NAME = Vapour;
			};
			name = Debug;
		};
		296B703D1CFC9A7800BBB34B /* Release */ = {
			isa = XCBuildConfiguration;
			baseConfigurationReference = 907269F8B5DA9354FE80D549 /* Pods-VapourUITests.release.xcconfig */;
			buildSettings = {
				INFOPLIST_FILE = VapourUITests/Info.plist;
				LD_RUNPATH_SEARCH_PATHS = "$(inherited) @executable_path/Frameworks @loader_path/Frameworks";
				PRODUCT_BUNDLE_IDENTIFIER = com.sidesgript.VapourUITests;
				PRODUCT_NAME = "$(TARGET_NAME)";
				TEST_TARGET_NAME = Vapour;
			};
			name = Release;
		};
/* End XCBuildConfiguration section */

/* Begin XCConfigurationList section */
		296B70081CFC9A7800BBB34B /* Build configuration list for PBXProject "Vapour" */ = {
			isa = XCConfigurationList;
			buildConfigurations = (
				296B70331CFC9A7800BBB34B /* Debug */,
				296B70341CFC9A7800BBB34B /* Release */,
			);
			defaultConfigurationIsVisible = 0;
			defaultConfigurationName = Release;
		};
		296B70351CFC9A7800BBB34B /* Build configuration list for PBXNativeTarget "Vapour" */ = {
			isa = XCConfigurationList;
			buildConfigurations = (
				296B70361CFC9A7800BBB34B /* Debug */,
				296B70371CFC9A7800BBB34B /* Release */,
			);
			defaultConfigurationIsVisible = 0;
			defaultConfigurationName = Release;
		};
		296B70381CFC9A7800BBB34B /* Build configuration list for PBXNativeTarget "VapourTests" */ = {
			isa = XCConfigurationList;
			buildConfigurations = (
				296B70391CFC9A7800BBB34B /* Debug */,
				296B703A1CFC9A7800BBB34B /* Release */,
			);
			defaultConfigurationIsVisible = 0;
			defaultConfigurationName = Release;
		};
		296B703B1CFC9A7800BBB34B /* Build configuration list for PBXNativeTarget "VapourUITests" */ = {
			isa = XCConfigurationList;
			buildConfigurations = (
				296B703C1CFC9A7800BBB34B /* Debug */,
				296B703D1CFC9A7800BBB34B /* Release */,
			);
			defaultConfigurationIsVisible = 0;
			defaultConfigurationName = Release;
		};
/* End XCConfigurationList section */
	};
	rootObject = 296B70051CFC9A7800BBB34B /* Project object */;
}
